<?xml version="1.0" encoding="utf-8"?>
<Project ToolsVersion="4.0" xmlns="http://schemas.microsoft.com/developer/msbuild/2003">
  <ItemGroup>
    <Filter Include="Source Files">
      <UniqueIdentifier>{4FC737F1-C7A5-4376-A066-2A32D752A2FF}</UniqueIdentifier>
      <Extensions>cpp;c;cc;cxx;def;odl;idl;hpj;bat;asm;asmx</Extensions>
    </Filter>
    <Filter Include="Header Files">
      <UniqueIdentifier>{93995380-89BD-4b04-88EB-625FBE52EBFB}</UniqueIdentifier>
      <Extensions>h;hh;hpp;hxx;hm;inl;inc;ipp;xsd</Extensions>
    </Filter>
    <Filter Include="Resource Files">
      <UniqueIdentifier>{67DA6AB6-F800-4c08-8B7A-83BB121AAD01}</UniqueIdentifier>
      <Extensions>rc;ico;cur;bmp;dlg;rc2;rct;bin;rgs;gif;jpg;jpeg;jpe;resx;tiff;tif;png;wav;mfcribbon-ms</Extensions>
    </Filter>
  </ItemGroup>
  <ItemGroup>
    <ClCompile Include="main.cpp">
      <Filter>Source Files</Filter>
    </ClCompile>
    <ClCompile Include="AtomicHelpers.c">
      <Filter>Source Files</Filter>
    </ClCompile>
    <ClCompile Include="mersenne-twister.c">
      <Filter>Source Files</Filter>
    </ClCompile>
    <ClCompile Include="Timing.c">
      <Filter>Source Files</Filter>
    </ClCompile>
    <ClCompile Include="TimingDebug.cpp">
      <Filter>Source Files</Filter>
    </ClCompile>
    <ClCompile Include="RefCount.c">
      <Filter>Source Files</Filter>
    </ClCompile>
    <ClCompile Include="AtomicHashTable2.c">
      <Filter>Source Files</Filter>
    </ClCompile>
    <ClCompile Include="bittricks.c">
      <Filter>Source Files</Filter>
    </ClCompile>
    <ClCompile Include="MemPool.c">
      <Filter>Source Files</Filter>
    </ClCompile>
    <ClCompile Include="MemLog.c">
      <Filter>Source Files</Filter>
    </ClCompile>
    <ClCompile Include="BulkAlloc.c">
      <Filter>Source Files</Filter>
    </ClCompile>
  </ItemGroup>
  <ItemGroup>
    <ClInclude Include="mersenne-twister.h">
      <Filter>Header Files</Filter>
    </ClInclude>
    <ClInclude Include="environment.h">
      <Filter>Header Files</Filter>
    </ClInclude>
    <ClInclude Include="AtomicHelpers.h">
      <Filter>Header Files</Filter>
    </ClInclude>
    <ClInclude Include="Timing.h">
      <Filter>Header Files</Filter>
    </ClInclude>
    <ClInclude Include="RefCount.h">
      <Filter>Header Files</Filter>
    </ClInclude>
    <ClInclude Include="AtomicHashTable2.h">
      <Filter>Header Files</Filter>
    </ClInclude>
    <ClInclude Include="bittricks.h">
      <Filter>Header Files</Filter>
    </ClInclude>
    <ClInclude Include="MemPool.h">
      <Filter>Header Files</Filter>
    </ClInclude>
    <ClInclude Include="MemPoolImpls.h">
      <Filter>Header Files</Filter>
    </ClInclude>
    <ClInclude Include="MemLog.h">
      <Filter>Header Files</Filter>
    </ClInclude>
    <ClInclude Include="BulkAlloc.h">
      <Filter>Header Files</Filter>
    </ClInclude>
  </ItemGroup>
</Project>